
Microsoft Visual Studio Solution File, Format Version 12.00
# Visual Studio 15
VisualStudioVersion = 15.0.26124.0
MinimumVisualStudioVersion = 15.0.26124.0
Project("{FAE04EC0-301F-11D3-BF4B-00C04F79EFBC}") = "CustomerSite", "CustomerSite\CustomerSite.csproj", "{B73BC3A6-2167-49A7-B9BA-A8DB8CEC0D8D}"
EndProject
Project("{FAE04EC0-301F-11D3-BF4B-00C04F79EFBC}") = "RookieTest", "RookieTest\RookieTest.csproj", "{DC991B04-FC5F-4571-B379-848872273C14}"
EndProject
Project("{FAE04EC0-301F-11D3-BF4B-00C04F79EFBC}") = "API", "API\API.csproj", "{A878D5DE-20B9-42C2-966E-1AAF46BBC6B7}"
EndProject
Project("{FAE04EC0-301F-11D3-BF4B-00C04F79EFBC}") = "Shared", "Shared\Shared.csproj", "{37E4732C-9326-466A-A219-FF29DD0D8351}"
EndProject
Project("{FAE04EC0-301F-11D3-BF4B-00C04F79EFBC}") = "UnitTest", "UnitTest\UnitTest.csproj", "{3F316396-6B56-4F15-BA7D-A7A55329088D}"
EndProject
Global
	GlobalSection(SolutionConfigurationPlatforms) = preSolution
		Debug|Any CPU = Debug|Any CPU
		Debug|x64 = Debug|x64
		Debug|x86 = Debug|x86
		Release|Any CPU = Release|Any CPU
		Release|x64 = Release|x64
		Release|x86 = Release|x86
	EndGlobalSection
	GlobalSection(SolutionProperties) = preSolution
		HideSolutionNode = FALSE
	EndGlobalSection
	GlobalSection(ProjectConfigurationPlatforms) = postSolution
		{B73BC3A6-2167-49A7-B9BA-A8DB8CEC0D8D}.Debug|Any CPU.ActiveCfg = Debug|Any CPU
		{B73BC3A6-2167-49A7-B9BA-A8DB8CEC0D8D}.Debug|Any CPU.Build.0 = Debug|Any CPU
		{B73BC3A6-2167-49A7-B9BA-A8DB8CEC0D8D}.Debug|x64.ActiveCfg = Debug|Any CPU
		{B73BC3A6-2167-49A7-B9BA-A8DB8CEC0D8D}.Debug|x64.Build.0 = Debug|Any CPU
		{B73BC3A6-2167-49A7-B9BA-A8DB8CEC0D8D}.Debug|x86.ActiveCfg = Debug|Any CPU
		{B73BC3A6-2167-49A7-B9BA-A8DB8CEC0D8D}.Debug|x86.Build.0 = Debug|Any CPU
		{B73BC3A6-2167-49A7-B9BA-A8DB8CEC0D8D}.Release|Any CPU.ActiveCfg = Release|Any CPU
		{B73BC3A6-2167-49A7-B9BA-A8DB8CEC0D8D}.Release|Any CPU.Build.0 = Release|Any CPU
		{B73BC3A6-2167-49A7-B9BA-A8DB8CEC0D8D}.Release|x64.ActiveCfg = Release|Any CPU
		{B73BC3A6-2167-49A7-B9BA-A8DB8CEC0D8D}.Release|x64.Build.0 = Release|Any CPU
		{B73BC3A6-2167-49A7-B9BA-A8DB8CEC0D8D}.Release|x86.ActiveCfg = Release|Any CPU
		{B73BC3A6-2167-49A7-B9BA-A8DB8CEC0D8D}.Release|x86.Build.0 = Release|Any CPU
		{DC991B04-FC5F-4571-B379-848872273C14}.Debug|Any CPU.ActiveCfg = Debug|Any CPU
		{DC991B04-FC5F-4571-B379-848872273C14}.Debug|Any CPU.Build.0 = Debug|Any CPU
		{DC991B04-FC5F-4571-B379-848872273C14}.Debug|x64.ActiveCfg = Debug|Any CPU
		{DC991B04-FC5F-4571-B379-848872273C14}.Debug|x64.Build.0 = Debug|Any CPU
		{DC991B04-FC5F-4571-B379-848872273C14}.Debug|x86.ActiveCfg = Debug|Any CPU
		{DC991B04-FC5F-4571-B379-848872273C14}.Debug|x86.Build.0 = Debug|Any CPU
		{DC991B04-FC5F-4571-B379-848872273C14}.Release|Any CPU.ActiveCfg = Release|Any CPU
		{DC991B04-FC5F-4571-B379-848872273C14}.Release|Any CPU.Build.0 = Release|Any CPU
		{DC991B04-FC5F-4571-B379-848872273C14}.Release|x64.ActiveCfg = Release|Any CPU
		{DC991B04-FC5F-4571-B379-848872273C14}.Release|x64.Build.0 = Release|Any CPU
		{DC991B04-FC5F-4571-B379-848872273C14}.Release|x86.ActiveCfg = Release|Any CPU
		{DC991B04-FC5F-4571-B379-848872273C14}.Release|x86.Build.0 = Release|Any CPU
		{A878D5DE-20B9-42C2-966E-1AAF46BBC6B7}.Debug|Any CPU.ActiveCfg = Debug|Any CPU
		{A878D5DE-20B9-42C2-966E-1AAF46BBC6B7}.Debug|Any CPU.Build.0 = Debug|Any CPU
		{A878D5DE-20B9-42C2-966E-1AAF46BBC6B7}.Debug|x64.ActiveCfg = Debug|Any CPU
		{A878D5DE-20B9-42C2-966E-1AAF46BBC6B7}.Debug|x64.Build.0 = Debug|Any CPU
		{A878D5DE-20B9-42C2-966E-1AAF46BBC6B7}.Debug|x86.ActiveCfg = Debug|Any CPU
		{A878D5DE-20B9-42C2-966E-1AAF46BBC6B7}.Debug|x86.Build.0 = Debug|Any CPU
		{A878D5DE-20B9-42C2-966E-1AAF46BBC6B7}.Release|Any CPU.ActiveCfg = Release|Any CPU
		{A878D5DE-20B9-42C2-966E-1AAF46BBC6B7}.Release|Any CPU.Build.0 = Release|Any CPU
		{A878D5DE-20B9-42C2-966E-1AAF46BBC6B7}.Release|x64.ActiveCfg = Release|Any CPU
		{A878D5DE-20B9-42C2-966E-1AAF46BBC6B7}.Release|x64.Build.0 = Release|Any CPU
		{A878D5DE-20B9-42C2-966E-1AAF46BBC6B7}.Release|x86.ActiveCfg = Release|Any CPU
		{A878D5DE-20B9-42C2-966E-1AAF46BBC6B7}.Release|x86.Build.0 = Release|Any CPU
		{37E4732C-9326-466A-A219-FF29DD0D8351}.Debug|Any CPU.ActiveCfg = Debug|Any CPU
		{37E4732C-9326-466A-A219-FF29DD0D8351}.Debug|Any CPU.Build.0 = Debug|Any CPU
		{37E4732C-9326-466A-A219-FF29DD0D8351}.Debug|x64.ActiveCfg = Debug|Any CPU
		{37E4732C-9326-466A-A219-FF29DD0D8351}.Debug|x64.Build.0 = Debug|Any CPU
		{37E4732C-9326-466A-A219-FF29DD0D8351}.Debug|x86.ActiveCfg = Debug|Any CPU
		{37E4732C-9326-466A-A219-FF29DD0D8351}.Debug|x86.Build.0 = Debug|Any CPU
		{37E4732C-9326-466A-A219-FF29DD0D8351}.Release|Any CPU.ActiveCfg = Release|Any CPU
		{37E4732C-9326-466A-A219-FF29DD0D8351}.Release|Any CPU.Build.0 = Release|Any CPU
		{37E4732C-9326-466A-A219-FF29DD0D8351}.Release|x64.ActiveCfg = Release|Any CPU
		{37E4732C-9326-466A-A219-FF29DD0D8351}.Release|x64.Build.0 = Release|Any CPU
		{37E4732C-9326-466A-A219-FF29DD0D8351}.Release|x86.ActiveCfg = Release|Any CPU
		{37E4732C-9326-466A-A219-FF29DD0D8351}.Release|x86.Build.0 = Release|Any CPU
		{3F316396-6B56-4F15-BA7D-A7A55329088D}.Debug|Any CPU.ActiveCfg = Debug|Any CPU
		{3F316396-6B56-4F15-BA7D-A7A55329088D}.Debug|Any CPU.Build.0 = Debug|Any CPU
		{3F316396-6B56-4F15-BA7D-A7A55329088D}.Debug|x64.ActiveCfg = Debug|Any CPU
		{3F316396-6B56-4F15-BA7D-A7A55329088D}.Debug|x64.Build.0 = Debug|Any CPU
		{3F316396-6B56-4F15-BA7D-A7A55329088D}.Debug|x86.ActiveCfg = Debug|Any CPU
		{3F316396-6B56-4F15-BA7D-A7A55329088D}.Debug|x86.Build.0 = Debug|Any CPU
		{3F316396-6B56-4F15-BA7D-A7A55329088D}.Release|Any CPU.ActiveCfg = Release|Any CPU
		{3F316396-6B56-4F15-BA7D-A7A55329088D}.Release|Any CPU.Build.0 = Release|Any CPU
		{3F316396-6B56-4F15-BA7D-A7A55329088D}.Release|x64.ActiveCfg = Release|Any CPU
		{3F316396-6B56-4F15-BA7D-A7A55329088D}.Release|x64.Build.0 = Release|Any CPU
		{3F316396-6B56-4F15-BA7D-A7A55329088D}.Release|x86.ActiveCfg = Release|Any CPU
		{3F316396-6B56-4F15-BA7D-A7A55329088D}.Release|x86.Build.0 = Release|Any CPU
	EndGlobalSection
EndGlobal
